
Microsoft Visual Studio Solution File, Format Version 12.00
# Visual Studio 15
VisualStudioVersion = 15.0.26124.0
MinimumVisualStudioVersion = 15.0.26124.0
Project("{2150E333-8FDC-42A3-9474-1A3956D46DE8}") = "src", "src", "{683C8B82-4EA7-44BD-B801-9ED3202DEFF6}"
EndProject
Project("{FAE04EC0-301F-11D3-BF4B-00C04F79EFBC}") = "dump-o-tron", "src\dump-o-tron\dump-o-tron.csproj", "{025CDAE1-9A72-41C9-8A44-0072E00019EF}"
EndProject
Global
	GlobalSection(SolutionConfigurationPlatforms) = preSolution
		Debug|Any CPU = Debug|Any CPU
		Debug|x64 = Debug|x64
		Debug|x86 = Debug|x86
		Release|Any CPU = Release|Any CPU
		Release|x64 = Release|x64
		Release|x86 = Release|x86
	EndGlobalSection
	GlobalSection(SolutionProperties) = preSolution
		HideSolutionNode = FALSE
	EndGlobalSection
	GlobalSection(ProjectConfigurationPlatforms) = postSolution
		{025CDAE1-9A72-41C9-8A44-0072E00019EF}.Debug|Any CPU.ActiveCfg = Debug|Any CPU
		{025CDAE1-9A72-41C9-8A44-0072E00019EF}.Debug|Any CPU.Build.0 = Debug|Any CPU
		{025CDAE1-9A72-41C9-8A44-0072E00019EF}.Debug|x64.ActiveCfg = Debug|Any CPU
		{025CDAE1-9A72-41C9-8A44-0072E00019EF}.Debug|x64.Build.0 = Debug|Any CPU
		{025CDAE1-9A72-41C9-8A44-0072E00019EF}.Debug|x86.ActiveCfg = Debug|Any CPU
		{025CDAE1-9A72-41C9-8A44-0072E00019EF}.Debug|x86.Build.0 = Debug|Any CPU
		{025CDAE1-9A72-41C9-8A44-0072E00019EF}.Release|Any CPU.ActiveCfg = Release|Any CPU
		{025CDAE1-9A72-41C9-8A44-0072E00019EF}.Release|Any CPU.Build.0 = Release|Any CPU
		{025CDAE1-9A72-41C9-8A44-0072E00019EF}.Release|x64.ActiveCfg = Release|Any CPU
		{025CDAE1-9A72-41C9-8A44-0072E00019EF}.Release|x64.Build.0 = Release|Any CPU
		{025CDAE1-9A72-41C9-8A44-0072E00019EF}.Release|x86.ActiveCfg = Release|Any CPU
		{025CDAE1-9A72-41C9-8A44-0072E00019EF}.Release|x86.Build.0 = Release|Any CPU
	EndGlobalSection
	GlobalSection(NestedProjects) = preSolution
		{025CDAE1-9A72-41C9-8A44-0072E00019EF} = {683C8B82-4EA7-44BD-B801-9ED3202DEFF6}
	EndGlobalSection
EndGlobal
